
Microsoft Visual Studio Solution File, Format Version 12.00
# Visual Studio 15
Project("{FAE04EC0-301F-11D3-BF4B-00C04F79EFBC}") = "Assembly-CSharp", "Assembly-CSharp.csproj", "{144E31CC-F199-ABD9-E94D-6489E1F1BCCC}"
EndProject
Global
	GlobalSection(SolutionConfigurationPlatforms) = preSolution
		Debug|Any CPU = Debug|Any CPU
		Release|Any CPU = Release|Any CPU
	EndGlobalSection
	GlobalSection(ProjectConfigurationPlatforms) = postSolution
		{144E31CC-F199-ABD9-E94D-6489E1F1BCCC}.Debug|Any CPU.ActiveCfg = Debug|Any CPU
		{144E31CC-F199-ABD9-E94D-6489E1F1BCCC}.Debug|Any CPU.Build.0 = Debug|Any CPU
		{144E31CC-F199-ABD9-E94D-6489E1F1BCCC}.Release|Any CPU.ActiveCfg = Release|Any CPU
		{144E31CC-F199-ABD9-E94D-6489E1F1BCCC}.Release|Any CPU.Build.0 = Release|Any CPU
	EndGlobalSection
	GlobalSection(SolutionProperties) = preSolution
		HideSolutionNode = FALSE
	EndGlobalSection
EndGlobal
